### YamlMime:UniversalReference
items:
  - uid: '@ms/sp-pages.CommentBlock'
    name: CommentBlock
    fullName: CommentBlock
    children:
      - '@ms/sp-pages.CommentBlock.constructor'
      - '@ms/sp-pages.CommentBlock.componentDidMount'
      - '@ms/sp-pages.CommentBlock.componentWillUnmount'
      - '@ms/sp-pages.CommentBlock.render'
    langs:
      - typeScript
    type: class
    summary: ''
    extends:
      name: '@@ms/sp-pages.CommentBlock<@@ms/sp-pages.ICommentBlockProps>'
    package: '@ms/sp-pages'
  - uid: '@ms/sp-pages.CommentBlock.constructor'
    name: CommentBlock
    children: []
    type: constructor
    langs:
      - typeScript
    summary: ''
    syntax:
      content: 'new CommentBlock(props: ICommentBlockProps)'
      parameters:
        - id: props
          type:
            - '@@ms/sp-pages.ICommentBlockProps'
          description: ''
  - uid: '@ms/sp-pages.CommentBlock.componentDidMount'
    name: componentDidMount
    children: []
    type: method
    langs:
      - typeScript
    summary: ''
    syntax:
      content: function componentDidMount()
      parameters: []
  - uid: '@ms/sp-pages.CommentBlock.componentWillUnmount'
    name: componentWillUnmount
    children: []
    type: method
    langs:
      - typeScript
    summary: ''
    syntax:
      content: function componentWillUnmount()
      parameters: []
  - uid: '@ms/sp-pages.CommentBlock.render'
    name: render
    children: []
    type: method
    langs:
      - typeScript
    summary: ''
    syntax:
      content: function render()
      parameters: []
      return:
        type:
          - ReactElement<__type>
